
Microsoft Visual Studio Solution File, Format Version 12.00
# Visual Studio Version 17
VisualStudioVersion = 17.2.32526.322
MinimumVisualStudioVersion = 10.0.40219.1
Project("{FAE04EC0-301F-11D3-BF4B-00C04F79EFBC}") = "Lab3Ex1.WinTimer1", "Lab3Ex1.WinTimer1\Lab3Ex1.WinTimer1.csproj", "{9238665D-DC33-4BA4-96A1-CA46EFA4166B}"
EndProject
Global
	GlobalSection(SolutionConfigurationPlatforms) = preSolution
		Debug|Any CPU = Debug|Any CPU
		Release|Any CPU = Release|Any CPU
	EndGlobalSection
	GlobalSection(ProjectConfigurationPlatforms) = postSolution
		{9238665D-DC33-4BA4-96A1-CA46EFA4166B}.Debug|Any CPU.ActiveCfg = Debug|Any CPU
		{9238665D-DC33-4BA4-96A1-CA46EFA4166B}.Debug|Any CPU.Build.0 = Debug|Any CPU
		{9238665D-DC33-4BA4-96A1-CA46EFA4166B}.Release|Any CPU.ActiveCfg = Release|Any CPU
		{9238665D-DC33-4BA4-96A1-CA46EFA4166B}.Release|Any CPU.Build.0 = Release|Any CPU
	EndGlobalSection
	GlobalSection(SolutionProperties) = preSolution
		HideSolutionNode = FALSE
	EndGlobalSection
	GlobalSection(ExtensibilityGlobals) = postSolution
		SolutionGuid = {2E147C5E-6CA7-4B7B-9AC1-C15EF6732889}
	EndGlobalSection
EndGlobal
